// !$*UTF8*$!
{
	archiveVersion = 1;
	classes = {
	};
	objectVersion = 50;
	objects = {

/* Begin PBXBuildFile section */
		DAAABAD826DFAA64001CB7AC /* AppDelegate.swift in Sources */ = {isa = PBXBuildFile; fileRef = DAAABAD726DFAA64001CB7AC /* AppDelegate.swift */; };
		DAAABADA26DFAA64001CB7AC /* SceneDelegate.swift in Sources */ = {isa = PBXBuildFile; fileRef = DAAABAD926DFAA64001CB7AC /* SceneDelegate.swift */; };
		DAAABADC26DFAA64001CB7AC /* ViewController.swift in Sources */ = {isa = PBXBuildFile; fileRef = DAAABADB26DFAA64001CB7AC /* ViewController.swift */; };
		DAAABADF26DFAA64001CB7AC /* Main.storyboard in Resources */ = {isa = PBXBuildFile; fileRef = DAAABADD26DFAA64001CB7AC /* Main.storyboard */; };
		DAAABAE126DFAA67001CB7AC /* Assets.xcassets in Resources */ = {isa = PBXBuildFile; fileRef = DAAABAE026DFAA67001CB7AC /* Assets.xcassets */; };
		DAAABAE426DFAA67001CB7AC /* LaunchScreen.storyboard in Resources */ = {isa = PBXBuildFile; fileRef = DAAABAE226DFAA67001CB7AC /* LaunchScreen.storyboard */; };
		DAAABAEF26DFAA67001CB7AC /* Demo_3Tests.swift in Sources */ = {isa = PBXBuildFile; fileRef = DAAABAEE26DFAA67001CB7AC /* Demo_3Tests.swift */; };
		DAAABB0826DFAA98001CB7AC /* Declarations.swift in Sources */ = {isa = PBXBuildFile; fileRef = DAAABB0726DFAA98001CB7AC /* Declarations.swift */; };
		DAAABB0926DFAAAE001CB7AC /* Declarations.swift in Sources */ = {isa = PBXBuildFile; fileRef = DAAABB0726DFAA98001CB7AC /* Declarations.swift */; };
/* End PBXBuildFile section */

/* Begin PBXContainerItemProxy section */
		DAAABAEB26DFAA67001CB7AC /* PBXContainerItemProxy */ = {
			isa = PBXContainerItemProxy;
			containerPortal = DAAABACC26DFAA64001CB7AC /* Project object */;
			proxyType = 1;
			remoteGlobalIDString = DAAABAD326DFAA64001CB7AC;
			remoteInfo = Demo_3;
		};
/* End PBXContainerItemProxy section */

/* Begin PBXFileReference section */
		DAAABAD426DFAA64001CB7AC /* Demo_3.app */ = {isa = PBXFileReference; explicitFileType = wrapper.application; includeInIndex = 0; path = Demo_3.app; sourceTree = BUILT_PRODUCTS_DIR; };
		DAAABAD726DFAA64001CB7AC /* AppDelegate.swift */ = {isa = PBXFileReference; lastKnownFileType = sourcecode.swift; path = AppDelegate.swift; sourceTree = "<group>"; };
		DAAABAD926DFAA64001CB7AC /* SceneDelegate.swift */ = {isa = PBXFileReference; lastKnownFileType = sourcecode.swift; path = SceneDelegate.swift; sourceTree = "<group>"; };
		DAAABADB26DFAA64001CB7AC /* ViewController.swift */ = {isa = PBXFileReference; lastKnownFileType = sourcecode.swift; path = ViewController.swift; sourceTree = "<group>"; };
		DAAABADE26DFAA64001CB7AC /* Base */ = {isa = PBXFileReference; lastKnownFileType = file.storyboard; name = Base; path = Base.lproj/Main.storyboard; sourceTree = "<group>"; };
		DAAABAE026DFAA67001CB7AC /* Assets.xcassets */ = {isa = PBXFileReference; lastKnownFileType = folder.assetcatalog; path = Assets.xcassets; sourceTree = "<group>"; };
		DAAABAE326DFAA67001CB7AC /* Base */ = {isa = PBXFileReference; lastKnownFileType = file.storyboard; name = Base; path = Base.lproj/LaunchScreen.storyboard; sourceTree = "<group>"; };
		DAAABAE526DFAA67001CB7AC /* Info.plist */ = {isa = PBXFileReference; lastKnownFileType = text.plist.xml; path = Info.plist; sourceTree = "<group>"; };
		DAAABAEA26DFAA67001CB7AC /* Demo_3Tests.xctest */ = {isa = PBXFileReference; explicitFileType = wrapper.cfbundle; includeInIndex = 0; path = Demo_3Tests.xctest; sourceTree = BUILT_PRODUCTS_DIR; };
		DAAABAEE26DFAA67001CB7AC /* Demo_3Tests.swift */ = {isa = PBXFileReference; lastKnownFileType = sourcecode.swift; path = Demo_3Tests.swift; sourceTree = "<group>"; };
		DAAABAF026DFAA67001CB7AC /* Info.plist */ = {isa = PBXFileReference; lastKnownFileType = text.plist.xml; path = Info.plist; sourceTree = "<group>"; };
		DAAABB0726DFAA98001CB7AC /* Declarations.swift */ = {isa = PBXFileReference; lastKnownFileType = sourcecode.swift; path = Declarations.swift; sourceTree = "<group>"; };
/* End PBXFileReference section */

/* Begin PBXFrameworksBuildPhase section */
		DAAABAD126DFAA64001CB7AC /* Frameworks */ = {
			isa = PBXFrameworksBuildPhase;
			buildActionMask = 2147483647;
			files = (
			);
			runOnlyForDeploymentPostprocessing = 0;
		};
		DAAABAE726DFAA67001CB7AC /* Frameworks */ = {
			isa = PBXFrameworksBuildPhase;
			buildActionMask = 2147483647;
			files = (
			);
			runOnlyForDeploymentPostprocessing = 0;
		};
/* End PBXFrameworksBuildPhase section */

/* Begin PBXGroup section */
		DAAABACB26DFAA64001CB7AC = {
			isa = PBXGroup;
			children = (
				DAAABAD626DFAA64001CB7AC /* Demo_3 */,
				DAAABAED26DFAA67001CB7AC /* Demo_3Tests */,
				DAAABAD526DFAA64001CB7AC /* Products */,
			);
			sourceTree = "<group>";
		};
		DAAABAD526DFAA64001CB7AC /* Products */ = {
			isa = PBXGroup;
			children = (
				DAAABAD426DFAA64001CB7AC /* Demo_3.app */,
				DAAABAEA26DFAA67001CB7AC /* Demo_3Tests.xctest */,
			);
			name = Products;
			sourceTree = "<group>";
		};
		DAAABAD626DFAA64001CB7AC /* Demo_3 */ = {
			isa = PBXGroup;
			children = (
				DAAABAD726DFAA64001CB7AC /* AppDelegate.swift */,
				DAAABAD926DFAA64001CB7AC /* SceneDelegate.swift */,
				DAAABADB26DFAA64001CB7AC /* ViewController.swift */,
				DAAABADD26DFAA64001CB7AC /* Main.storyboard */,
				DAAABAE026DFAA67001CB7AC /* Assets.xcassets */,
				DAAABAE226DFAA67001CB7AC /* LaunchScreen.storyboard */,
				DAAABAE526DFAA67001CB7AC /* Info.plist */,
				DAAABB0726DFAA98001CB7AC /* Declarations.swift */,
			);
			path = Demo_3;
			sourceTree = "<group>";
		};
		DAAABAED26DFAA67001CB7AC /* Demo_3Tests */ = {
			isa = PBXGroup;
			children = (
				DAAABAEE26DFAA67001CB7AC /* Demo_3Tests.swift */,
				DAAABAF026DFAA67001CB7AC /* Info.plist */,
			);
			path = Demo_3Tests;
			sourceTree = "<group>";
		};
/* End PBXGroup section */

/* Begin PBXNativeTarget section */
		DAAABAD326DFAA64001CB7AC /* Demo_3 */ = {
			isa = PBXNativeTarget;
			buildConfigurationList = DAAABAFE26DFAA67001CB7AC /* Build configuration list for PBXNativeTarget "Demo_3" */;
			buildPhases = (
				DAAABAD026DFAA64001CB7AC /* Sources */,
				DAAABAD126DFAA64001CB7AC /* Frameworks */,
				DAAABAD226DFAA64001CB7AC /* Resources */,
			);
			buildRules = (
			);
			dependencies = (
			);
			name = Demo_3;
			productName = Demo_3;
			productReference = DAAABAD426DFAA64001CB7AC /* Demo_3.app */;
			productType = "com.apple.product-type.application";
		};
		DAAABAE926DFAA67001CB7AC /* Demo_3Tests */ = {
			isa = PBXNativeTarget;
			buildConfigurationList = DAAABB0126DFAA67001CB7AC /* Build configuration list for PBXNativeTarget "Demo_3Tests" */;
			buildPhases = (
				DAAABAE626DFAA67001CB7AC /* Sources */,
				DAAABAE726DFAA67001CB7AC /* Frameworks */,
				DAAABAE826DFAA67001CB7AC /* Resources */,
			);
			buildRules = (
			);
			dependencies = (
				DAAABAEC26DFAA67001CB7AC /* PBXTargetDependency */,
			);
			name = Demo_3Tests;
			productName = Demo_3Tests;
			productReference = DAAABAEA26DFAA67001CB7AC /* Demo_3Tests.xctest */;
			productType = "com.apple.product-type.bundle.unit-test";
		};
/* End PBXNativeTarget section */

/* Begin PBXProject section */
		DAAABACC26DFAA64001CB7AC /* Project object */ = {
			isa = PBXProject;
			attributes = {
				LastSwiftUpdateCheck = 1250;
				LastUpgradeCheck = 1250;
				TargetAttributes = {
					DAAABAD326DFAA64001CB7AC = {
						CreatedOnToolsVersion = 12.5.1;
					};
					DAAABAE926DFAA67001CB7AC = {
						CreatedOnToolsVersion = 12.5.1;
						TestTargetID = DAAABAD326DFAA64001CB7AC;
					};
				};
			};
			buildConfigurationList = DAAABACF26DFAA64001CB7AC /* Build configuration list for PBXProject "Demo_3" */;
			compatibilityVersion = "Xcode 9.3";
			developmentRegion = en;
			hasScannedForEncodings = 0;
			knownRegions = (
				en,
				Base,
			);
			mainGroup = DAAABACB26DFAA64001CB7AC;
			productRefGroup = DAAABAD526DFAA64001CB7AC /* Products */;
			projectDirPath = "";
			projectRoot = "";
			targets = (
				DAAABAD326DFAA64001CB7AC /* Demo_3 */,
				DAAABAE926DFAA67001CB7AC /* Demo_3Tests */,
			);
		};
/* End PBXProject section */

/* Begin PBXResourcesBuildPhase section */
		DAAABAD226DFAA64001CB7AC /* Resources */ = {
			isa = PBXResourcesBuildPhase;
			buildActionMask = 2147483647;
			files = (
				DAAABAE426DFAA67001CB7AC /* LaunchScreen.storyboard in Resources */,
				DAAABAE126DFAA67001CB7AC /* Assets.xcassets in Resources */,
				DAAABADF26DFAA64001CB7AC /* Main.storyboard in Resources */,
			);
			runOnlyForDeploymentPostprocessing = 0;
		};
		DAAABAE826DFAA67001CB7AC /* Resources */ = {
			isa = PBXResourcesBuildPhase;
			buildActionMask = 2147483647;
			files = (
			);
			runOnlyForDeploymentPostprocessing = 0;
		};
/* End PBXResourcesBuildPhase section */

/* Begin PBXSourcesBuildPhase section */
		DAAABAD026DFAA64001CB7AC /* Sources */ = {
			isa = PBXSourcesBuildPhase;
			buildActionMask = 2147483647;
			files = (
				DAAABADC26DFAA64001CB7AC /* ViewController.swift in Sources */,
				DAAABAD826DFAA64001CB7AC /* AppDelegate.swift in Sources */,
				DAAABB0826DFAA98001CB7AC /* Declarations.swift in Sources */,
				DAAABADA26DFAA64001CB7AC /* SceneDelegate.swift in Sources */,
			);
			runOnlyForDeploymentPostprocessing = 0;
		};
		DAAABAE626DFAA67001CB7AC /* Sources */ = {
			isa = PBXSourcesBuildPhase;
			buildActionMask = 2147483647;
			files = (
				DAAABB0926DFAAAE001CB7AC /* Declarations.swift in Sources */,
				DAAABAEF26DFAA67001CB7AC /* Demo_3Tests.swift in Sources */,
			);
			runOnlyForDeploymentPostprocessing = 0;
		};
/* End PBXSourcesBuildPhase section */

/* Begin PBXTargetDependency section */
		DAAABAEC26DFAA67001CB7AC /* PBXTargetDependency */ = {
			isa = PBXTargetDependency;
			target = DAAABAD326DFAA64001CB7AC /* Demo_3 */;
			targetProxy = DAAABAEB26DFAA67001CB7AC /* PBXContainerItemProxy */;
		};
/* End PBXTargetDependency section */

/* Begin PBXVariantGroup section */
		DAAABADD26DFAA64001CB7AC /* Main.storyboard */ = {
			isa = PBXVariantGroup;
			children = (
				DAAABADE26DFAA64001CB7AC /* Base */,
			);
			name = Main.storyboard;
			sourceTree = "<group>";
		};
		DAAABAE226DFAA67001CB7AC /* LaunchScreen.storyboard */ = {
			isa = PBXVariantGroup;
			children = (
				DAAABAE326DFAA67001CB7AC /* Base */,
			);
			name = LaunchScreen.storyboard;
			sourceTree = "<group>";
		};
/* End PBXVariantGroup section */

/* Begin XCBuildConfiguration section */
		DAAABAFC26DFAA67001CB7AC /* Debug */ = {
			isa = XCBuildConfiguration;
			buildSettings = {
				ALWAYS_SEARCH_USER_PATHS = NO;
				CLANG_ANALYZER_NONNULL = YES;
				CLANG_ANALYZER_NUMBER_OBJECT_CONVERSION = YES_AGGRESSIVE;
				CLANG_CXX_LANGUAGE_STANDARD = "gnu++14";
				CLANG_CXX_LIBRARY = "libc++";
				CLANG_ENABLE_MODULES = YES;
				CLANG_ENABLE_OBJC_ARC = YES;
				CLANG_ENABLE_OBJC_WEAK = YES;
				CLANG_WARN_BLOCK_CAPTURE_AUTORELEASING = YES;
				CLANG_WARN_BOOL_CONVERSION = YES;
				CLANG_WARN_COMMA = YES;
				CLANG_WARN_CONSTANT_CONVERSION = YES;
				CLANG_WARN_DEPRECATED_OBJC_IMPLEMENTATIONS = YES;
				CLANG_WARN_DIRECT_OBJC_ISA_USAGE = YES_ERROR;
				CLANG_WARN_DOCUMENTATION_COMMENTS = YES;
				CLANG_WARN_EMPTY_BODY = YES;
				CLANG_WARN_ENUM_CONVERSION = YES;
				CLANG_WARN_INFINITE_RECURSION = YES;
				CLANG_WARN_INT_CONVERSION = YES;
				CLANG_WARN_NON_LITERAL_NULL_CONVERSION = YES;
				CLANG_WARN_OBJC_IMPLICIT_RETAIN_SELF = YES;
				CLANG_WARN_OBJC_LITERAL_CONVERSION = YES;
				CLANG_WARN_OBJC_ROOT_CLASS = YES_ERROR;
				CLANG_WARN_QUOTED_INCLUDE_IN_FRAMEWORK_HEADER = YES;
				CLANG_WARN_RANGE_LOOP_ANALYSIS = YES;
				CLANG_WARN_STRICT_PROTOTYPES = YES;
				CLANG_WARN_SUSPICIOUS_MOVE = YES;
				CLANG_WARN_UNGUARDED_AVAILABILITY = YES_AGGRESSIVE;
				CLANG_WARN_UNREACHABLE_CODE = YES;
				CLANG_WARN__DUPLICATE_METHOD_MATCH = YES;
				COPY_PHASE_STRIP = NO;
				DEBUG_INFORMATION_FORMAT = dwarf;
				ENABLE_STRICT_OBJC_MSGSEND = YES;
				ENABLE_TESTABILITY = YES;
				GCC_C_LANGUAGE_STANDARD = gnu11;
				GCC_DYNAMIC_NO_PIC = NO;
				GCC_NO_COMMON_BLOCKS = YES;
				GCC_OPTIMIZATION_LEVEL = 0;
				GCC_PREPROCESSOR_DEFINITIONS = (
					"DEBUG=1",
					"$(inherited)",
				);
				GCC_WARN_64_TO_32_BIT_CONVERSION = YES;
				GCC_WARN_ABOUT_RETURN_TYPE = YES_ERROR;
				GCC_WARN_UNDECLARED_SELECTOR = YES;
				GCC_WARN_UNINITIALIZED_AUTOS = YES_AGGRESSIVE;
				GCC_WARN_UNUSED_FUNCTION = YES;
				GCC_WARN_UNUSED_VARIABLE = YES;
				IPHONEOS_DEPLOYMENT_TARGET = 14.5;
				MTL_ENABLE_DEBUG_INFO = INCLUDE_SOURCE;
				MTL_FAST_MATH = YES;
				ONLY_ACTIVE_ARCH = YES;
				SDKROOT = iphoneos;
				SWIFT_ACTIVE_COMPILATION_CONDITIONS = DEBUG;
				SWIFT_OPTIMIZATION_LEVEL = "-Onone";
			};
			name = Debug;
		};
		DAAABAFD26DFAA67001CB7AC /* Release */ = {
			isa = XCBuildConfiguration;
			buildSettings = {
				ALWAYS_SEARCH_USER_PATHS = NO;
				CLANG_ANALYZER_NONNULL = YES;
				CLANG_ANALYZER_NUMBER_OBJECT_CONVERSION = YES_AGGRESSIVE;
				CLANG_CXX_LANGUAGE_STANDARD = "gnu++14";
				CLANG_CXX_LIBRARY = "libc++";
				CLANG_ENABLE_MODULES = YES;
				CLANG_ENABLE_OBJC_ARC = YES;
				CLANG_ENABLE_OBJC_WEAK = YES;
				CLANG_WARN_BLOCK_CAPTURE_AUTORELEASING = YES;
				CLANG_WARN_BOOL_CONVERSION = YES;
				CLANG_WARN_COMMA = YES;
				CLANG_WARN_CONSTANT_CONVERSION = YES;
				CLANG_WARN_DEPRECATED_OBJC_IMPLEMENTATIONS = YES;
				CLANG_WARN_DIRECT_OBJC_ISA_USAGE = YES_ERROR;
				CLANG_WARN_DOCUMENTATION_COMMENTS = YES;
				CLANG_WARN_EMPTY_BODY = YES;
				CLANG_WARN_ENUM_CONVERSION = YES;
				CLANG_WARN_INFINITE_RECURSION = YES;
				CLANG_WARN_INT_CONVERSION = YES;
				CLANG_WARN_NON_LITERAL_NULL_CONVERSION = YES;
				CLANG_WARN_OBJC_IMPLICIT_RETAIN_SELF = YES;
				CLANG_WARN_OBJC_LITERAL_CONVERSION = YES;
				CLANG_WARN_OBJC_ROOT_CLASS = YES_ERROR;
				CLANG_WARN_QUOTED_INCLUDE_IN_FRAMEWORK_HEADER = YES;
				CLANG_WARN_RANGE_LOOP_ANALYSIS = YES;
				CLANG_WARN_STRICT_PROTOTYPES = YES;
				CLANG_WARN_SUSPICIOUS_MOVE = YES;
				CLANG_WARN_UNGUARDED_AVAILABILITY = YES_AGGRESSIVE;
				CLANG_WARN_UNREACHABLE_CODE = YES;
				CLANG_WARN__DUPLICATE_METHOD_MATCH = YES;
				COPY_PHASE_STRIP = NO;
				DEBUG_INFORMATION_FORMAT = "dwarf-with-dsym";
				ENABLE_NS_ASSERTIONS = NO;
				ENABLE_STRICT_OBJC_MSGSEND = YES;
				GCC_C_LANGUAGE_STANDARD = gnu11;
				GCC_NO_COMMON_BLOCKS = YES;
				GCC_WARN_64_TO_32_BIT_CONVERSION = YES;
				GCC_WARN_ABOUT_RETURN_TYPE = YES_ERROR;
				GCC_WARN_UNDECLARED_SELECTOR = YES;
				GCC_WARN_UNINITIALIZED_AUTOS = YES_AGGRESSIVE;
				GCC_WARN_UNUSED_FUNCTION = YES;
				GCC_WARN_UNUSED_VARIABLE = YES;
				IPHONEOS_DEPLOYMENT_TARGET = 14.5;
				MTL_ENABLE_DEBUG_INFO = NO;
				MTL_FAST_MATH = YES;
				SDKROOT = iphoneos;
				SWIFT_COMPILATION_MODE = wholemodule;
				SWIFT_OPTIMIZATION_LEVEL = "-O";
				VALIDATE_PRODUCT = YES;
			};
			name = Release;
		};
		DAAABAFF26DFAA67001CB7AC /* Debug */ = {
			isa = XCBuildConfiguration;
			buildSettings = {
				ASSETCATALOG_COMPILER_APPICON_NAME = AppIcon;
				ASSETCATALOG_COMPILER_GLOBAL_ACCENT_COLOR_NAME = AccentColor;
				CODE_SIGN_STYLE = Automatic;
				DEVELOPMENT_TEAM = J9P7C9228A;
				INFOPLIST_FILE = Demo_3/Info.plist;
				LD_RUNPATH_SEARCH_PATHS = (
					"$(inherited)",
					"@executable_path/Frameworks",
				);
				PRODUCT_BUNDLE_IDENTIFIER = "com.demoQ4Y21.ua.Demo-3";
				PRODUCT_NAME = "$(TARGET_NAME)";
				SWIFT_VERSION = 5.0;
				TARGETED_DEVICE_FAMILY = "1,2";
			};
			name = Debug;
		};
		DAAABB0026DFAA67001CB7AC /* Release */ = {
			isa = XCBuildConfiguration;
			buildSettings = {
				ASSETCATALOG_COMPILER_APPICON_NAME = AppIcon;
				ASSETCATALOG_COMPILER_GLOBAL_ACCENT_COLOR_NAME = AccentColor;
				CODE_SIGN_STYLE = Automatic;
				DEVELOPMENT_TEAM = J9P7C9228A;
				INFOPLIST_FILE = Demo_3/Info.plist;
				LD_RUNPATH_SEARCH_PATHS = (
					"$(inherited)",
					"@executable_path/Frameworks",
				);
				PRODUCT_BUNDLE_IDENTIFIER = "com.demoQ4Y21.ua.Demo-3";
				PRODUCT_NAME = "$(TARGET_NAME)";
				SWIFT_VERSION = 5.0;
				TARGETED_DEVICE_FAMILY = "1,2";
			};
			name = Release;
		};
		DAAABB0226DFAA67001CB7AC /* Debug */ = {
			isa = XCBuildConfiguration;
			buildSettings = {
				ALWAYS_EMBED_SWIFT_STANDARD_LIBRARIES = YES;
				BUNDLE_LOADER = "$(TEST_HOST)";
				CODE_SIGN_STYLE = Automatic;
				DEVELOPMENT_TEAM = J9P7C9228A;
				INFOPLIST_FILE = Demo_3Tests/Info.plist;
				IPHONEOS_DEPLOYMENT_TARGET = 14.5;
				LD_RUNPATH_SEARCH_PATHS = (
					"$(inherited)",
					"@executable_path/Frameworks",
					"@loader_path/Frameworks",
				);
				PRODUCT_BUNDLE_IDENTIFIER = "com.demoQ4Y21.ua.Demo-3Tests";
				PRODUCT_NAME = "$(TARGET_NAME)";
				SWIFT_VERSION = 5.0;
				TARGETED_DEVICE_FAMILY = "1,2";
				TEST_HOST = "$(BUILT_PRODUCTS_DIR)/Demo_3.app/Demo_3";
			};
			name = Debug;
		};
		DAAABB0326DFAA67001CB7AC /* Release */ = {
			isa = XCBuildConfiguration;
			buildSettings = {
				ALWAYS_EMBED_SWIFT_STANDARD_LIBRARIES = YES;
				BUNDLE_LOADER = "$(TEST_HOST)";
				CODE_SIGN_STYLE = Automatic;
				DEVELOPMENT_TEAM = J9P7C9228A;
				INFOPLIST_FILE = Demo_3Tests/Info.plist;
				IPHONEOS_DEPLOYMENT_TARGET = 14.5;
				LD_RUNPATH_SEARCH_PATHS = (
					"$(inherited)",
					"@executable_path/Frameworks",
					"@loader_path/Frameworks",
				);
				PRODUCT_BUNDLE_IDENTIFIER = "com.demoQ4Y21.ua.Demo-3Tests";
				PRODUCT_NAME = "$(TARGET_NAME)";
				SWIFT_VERSION = 5.0;
				TARGETED_DEVICE_FAMILY = "1,2";
				TEST_HOST = "$(BUILT_PRODUCTS_DIR)/Demo_3.app/Demo_3";
			};
			name = Release;
		};
/* End XCBuildConfiguration section */

/* Begin XCConfigurationList section */
		DAAABACF26DFAA64001CB7AC /* Build configuration list for PBXProject "Demo_3" */ = {
			isa = XCConfigurationList;
			buildConfigurations = (
				DAAABAFC26DFAA67001CB7AC /* Debug */,
				DAAABAFD26DFAA67001CB7AC /* Release */,
			);
			defaultConfigurationIsVisible = 0;
			defaultConfigurationName = Release;
		};
		DAAABAFE26DFAA67001CB7AC /* Build configuration list for PBXNativeTarget "Demo_3" */ = {
			isa = XCConfigurationList;
			buildConfigurations = (
				DAAABAFF26DFAA67001CB7AC /* Debug */,
				DAAABB0026DFAA67001CB7AC /* Release */,
			);
			defaultConfigurationIsVisible = 0;
			defaultConfigurationName = Release;
		};
		DAAABB0126DFAA67001CB7AC /* Build configuration list for PBXNativeTarget "Demo_3Tests" */ = {
			isa = XCConfigurationList;
			buildConfigurations = (
				DAAABB0226DFAA67001CB7AC /* Debug */,
				DAAABB0326DFAA67001CB7AC /* Release */,
			);
			defaultConfigurationIsVisible = 0;
			defaultConfigurationName = Release;
		};
/* End XCConfigurationList section */
	};
	rootObject = DAAABACC26DFAA64001CB7AC /* Project object */;
}
